// !$*UTF8*$!
{
	archiveVersion = 1;
	classes = {
	};
	objectVersion = 46;
	objects = {

/* Begin PBXBuildFile section */
		4003037B1D92D37A00ED7468 /* FactBook.m in Sources */ = {isa = PBXBuildFile; fileRef = 4003037A1D92D37A00ED7468 /* FactBook.m */; };
		4003037E1D93EB6E00ED7468 /* ColorWheel.m in Sources */ = {isa = PBXBuildFile; fileRef = 4003037D1D93EB6E00ED7468 /* ColorWheel.m */; };
		406887511D929C5D0050F395 /* main.m in Sources */ = {isa = PBXBuildFile; fileRef = 406887501D929C5D0050F395 /* main.m */; };
		406887541D929C5D0050F395 /* AppDelegate.m in Sources */ = {isa = PBXBuildFile; fileRef = 406887531D929C5D0050F395 /* AppDelegate.m */; };
		406887571D929C5D0050F395 /* ViewController.m in Sources */ = {isa = PBXBuildFile; fileRef = 406887561D929C5D0050F395 /* ViewController.m */; };
		4068875A1D929C5D0050F395 /* Main.storyboard in Resources */ = {isa = PBXBuildFile; fileRef = 406887581D929C5D0050F395 /* Main.storyboard */; };
		4068875C1D929C5D0050F395 /* Assets.xcassets in Resources */ = {isa = PBXBuildFile; fileRef = 4068875B1D929C5D0050F395 /* Assets.xcassets */; };
		4068875F1D929C5D0050F395 /* LaunchScreen.storyboard in Resources */ = {isa = PBXBuildFile; fileRef = 4068875D1D929C5D0050F395 /* LaunchScreen.storyboard */; };
		4068876A1D929C5D0050F395 /* FunFactsTests.m in Sources */ = {isa = PBXBuildFile; fileRef = 406887691D929C5D0050F395 /* FunFactsTests.m */; };
		406887751D929C5D0050F395 /* FunFactsUITests.m in Sources */ = {isa = PBXBuildFile; fileRef = 406887741D929C5D0050F395 /* FunFactsUITests.m */; };
/* End PBXBuildFile section */

/* Begin PBXContainerItemProxy section */
		406887661D929C5D0050F395 /* PBXContainerItemProxy */ = {
			isa = PBXContainerItemProxy;
			containerPortal = 406887441D929C5C0050F395 /* Project object */;
			proxyType = 1;
			remoteGlobalIDString = 4068874B1D929C5C0050F395;
			remoteInfo = FunFacts;
		};
		406887711D929C5D0050F395 /* PBXContainerItemProxy */ = {
			isa = PBXContainerItemProxy;
			containerPortal = 406887441D929C5C0050F395 /* Project object */;
			proxyType = 1;
			remoteGlobalIDString = 4068874B1D929C5C0050F395;
			remoteInfo = FunFacts;
		};
/* End PBXContainerItemProxy section */

/* Begin PBXFileReference section */
		400303791D92D37A00ED7468 /* FactBook.h */ = {isa = PBXFileReference; fileEncoding = 4; lastKnownFileType = sourcecode.c.h; path = FactBook.h; sourceTree = "<group>"; };
		4003037A1D92D37A00ED7468 /* FactBook.m */ = {isa = PBXFileReference; fileEncoding = 4; lastKnownFileType = sourcecode.c.objc; path = FactBook.m; sourceTree = "<group>"; };
		4003037C1D93EB6E00ED7468 /* ColorWheel.h */ = {isa = PBXFileReference; fileEncoding = 4; lastKnownFileType = sourcecode.c.h; path = ColorWheel.h; sourceTree = "<group>"; };
		4003037D1D93EB6E00ED7468 /* ColorWheel.m */ = {isa = PBXFileReference; fileEncoding = 4; lastKnownFileType = sourcecode.c.objc; path = ColorWheel.m; sourceTree = "<group>"; };
		4068874C1D929C5D0050F395 /* FunFacts.app */ = {isa = PBXFileReference; explicitFileType = wrapper.application; includeInIndex = 0; path = FunFacts.app; sourceTree = BUILT_PRODUCTS_DIR; };
		406887501D929C5D0050F395 /* main.m */ = {isa = PBXFileReference; lastKnownFileType = sourcecode.c.objc; path = main.m; sourceTree = "<group>"; };
		406887521D929C5D0050F395 /* AppDelegate.h */ = {isa = PBXFileReference; lastKnownFileType = sourcecode.c.h; path = AppDelegate.h; sourceTree = "<group>"; };
		406887531D929C5D0050F395 /* AppDelegate.m */ = {isa = PBXFileReference; lastKnownFileType = sourcecode.c.objc; path = AppDelegate.m; sourceTree = "<group>"; };
		406887551D929C5D0050F395 /* ViewController.h */ = {isa = PBXFileReference; lastKnownFileType = sourcecode.c.h; path = ViewController.h; sourceTree = "<group>"; };
		406887561D929C5D0050F395 /* ViewController.m */ = {isa = PBXFileReference; lastKnownFileType = sourcecode.c.objc; path = ViewController.m; sourceTree = "<group>"; };
		406887591D929C5D0050F395 /* Base */ = {isa = PBXFileReference; lastKnownFileType = file.storyboard; name = Base; path = Base.lproj/Main.storyboard; sourceTree = "<group>"; };
		4068875B1D929C5D0050F395 /* Assets.xcassets */ = {isa = PBXFileReference; lastKnownFileType = folder.assetcatalog; path = Assets.xcassets; sourceTree = "<group>"; };
		4068875E1D929C5D0050F395 /* Base */ = {isa = PBXFileReference; lastKnownFileType = file.storyboard; name = Base; path = Base.lproj/LaunchScreen.storyboard; sourceTree = "<group>"; };
		406887601D929C5D0050F395 /* Info.plist */ = {isa = PBXFileReference; lastKnownFileType = text.plist.xml; path = Info.plist; sourceTree = "<group>"; };
		406887651D929C5D0050F395 /* FunFactsTests.xctest */ = {isa = PBXFileReference; explicitFileType = wrapper.cfbundle; includeInIndex = 0; path = FunFactsTests.xctest; sourceTree = BUILT_PRODUCTS_DIR; };
		406887691D929C5D0050F395 /* FunFactsTests.m */ = {isa = PBXFileReference; lastKnownFileType = sourcecode.c.objc; path = FunFactsTests.m; sourceTree = "<group>"; };
		4068876B1D929C5D0050F395 /* Info.plist */ = {isa = PBXFileReference; lastKnownFileType = text.plist.xml; path = Info.plist; sourceTree = "<group>"; };
		406887701D929C5D0050F395 /* FunFactsUITests.xctest */ = {isa = PBXFileReference; explicitFileType = wrapper.cfbundle; includeInIndex = 0; path = FunFactsUITests.xctest; sourceTree = BUILT_PRODUCTS_DIR; };
		406887741D929C5D0050F395 /* FunFactsUITests.m */ = {isa = PBXFileReference; lastKnownFileType = sourcecode.c.objc; path = FunFactsUITests.m; sourceTree = "<group>"; };
		406887761D929C5D0050F395 /* Info.plist */ = {isa = PBXFileReference; lastKnownFileType = text.plist.xml; path = Info.plist; sourceTree = "<group>"; };
/* End PBXFileReference section */

/* Begin PBXFrameworksBuildPhase section */
		406887491D929C5C0050F395 /* Frameworks */ = {
			isa = PBXFrameworksBuildPhase;
			buildActionMask = 2147483647;
			files = (
			);
			runOnlyForDeploymentPostprocessing = 0;
		};
		406887621D929C5D0050F395 /* Frameworks */ = {
			isa = PBXFrameworksBuildPhase;
			buildActionMask = 2147483647;
			files = (
			);
			runOnlyForDeploymentPostprocessing = 0;
		};
		4068876D1D929C5D0050F395 /* Frameworks */ = {
			isa = PBXFrameworksBuildPhase;
			buildActionMask = 2147483647;
			files = (
			);
			runOnlyForDeploymentPostprocessing = 0;
		};
/* End PBXFrameworksBuildPhase section */

/* Begin PBXGroup section */
		406887431D929C5C0050F395 = {
			isa = PBXGroup;
			children = (
				4068874E1D929C5D0050F395 /* FunFacts */,
				406887681D929C5D0050F395 /* FunFactsTests */,
				406887731D929C5D0050F395 /* FunFactsUITests */,
				4068874D1D929C5D0050F395 /* Products */,
			);
			sourceTree = "<group>";
		};
		4068874D1D929C5D0050F395 /* Products */ = {
			isa = PBXGroup;
			children = (
				4068874C1D929C5D0050F395 /* FunFacts.app */,
				406887651D929C5D0050F395 /* FunFactsTests.xctest */,
				406887701D929C5D0050F395 /* FunFactsUITests.xctest */,
			);
			name = Products;
			sourceTree = "<group>";
		};
		4068874E1D929C5D0050F395 /* FunFacts */ = {
			isa = PBXGroup;
			children = (
				406887521D929C5D0050F395 /* AppDelegate.h */,
				406887531D929C5D0050F395 /* AppDelegate.m */,
				406887551D929C5D0050F395 /* ViewController.h */,
				406887561D929C5D0050F395 /* ViewController.m */,
				400303791D92D37A00ED7468 /* FactBook.h */,
				4003037A1D92D37A00ED7468 /* FactBook.m */,
				406887581D929C5D0050F395 /* Main.storyboard */,
				4068875B1D929C5D0050F395 /* Assets.xcassets */,
				4068875D1D929C5D0050F395 /* LaunchScreen.storyboard */,
				406887601D929C5D0050F395 /* Info.plist */,
				4068874F1D929C5D0050F395 /* Supporting Files */,
				4003037C1D93EB6E00ED7468 /* ColorWheel.h */,
				4003037D1D93EB6E00ED7468 /* ColorWheel.m */,
			);
			path = FunFacts;
			sourceTree = "<group>";
		};
		4068874F1D929C5D0050F395 /* Supporting Files */ = {
			isa = PBXGroup;
			children = (
				406887501D929C5D0050F395 /* main.m */,
			);
			name = "Supporting Files";
			sourceTree = "<group>";
		};
		406887681D929C5D0050F395 /* FunFactsTests */ = {
			isa = PBXGroup;
			children = (
				406887691D929C5D0050F395 /* FunFactsTests.m */,
				4068876B1D929C5D0050F395 /* Info.plist */,
			);
			path = FunFactsTests;
			sourceTree = "<group>";
		};
		406887731D929C5D0050F395 /* FunFactsUITests */ = {
			isa = PBXGroup;
			children = (
				406887741D929C5D0050F395 /* FunFactsUITests.m */,
				406887761D929C5D0050F395 /* Info.plist */,
			);
			path = FunFactsUITests;
			sourceTree = "<group>";
		};
/* End PBXGroup section */

/* Begin PBXNativeTarget section */
		4068874B1D929C5C0050F395 /* FunFacts */ = {
			isa = PBXNativeTarget;
			buildConfigurationList = 406887791D929C5D0050F395 /* Build configuration list for PBXNativeTarget "FunFacts" */;
			buildPhases = (
				406887481D929C5C0050F395 /* Sources */,
				406887491D929C5C0050F395 /* Frameworks */,
				4068874A1D929C5C0050F395 /* Resources */,
			);
			buildRules = (
			);
			dependencies = (
			);
			name = FunFacts;
			productName = FunFacts;
			productReference = 4068874C1D929C5D0050F395 /* FunFacts.app */;
			productType = "com.apple.product-type.application";
		};
		406887641D929C5D0050F395 /* FunFactsTests */ = {
			isa = PBXNativeTarget;
			buildConfigurationList = 4068877C1D929C5D0050F395 /* Build configuration list for PBXNativeTarget "FunFactsTests" */;
			buildPhases = (
				406887611D929C5D0050F395 /* Sources */,
				406887621D929C5D0050F395 /* Frameworks */,
				406887631D929C5D0050F395 /* Resources */,
			);
			buildRules = (
			);
			dependencies = (
				406887671D929C5D0050F395 /* PBXTargetDependency */,
			);
			name = FunFactsTests;
			productName = FunFactsTests;
			productReference = 406887651D929C5D0050F395 /* FunFactsTests.xctest */;
			productType = "com.apple.product-type.bundle.unit-test";
		};
		4068876F1D929C5D0050F395 /* FunFactsUITests */ = {
			isa = PBXNativeTarget;
			buildConfigurationList = 4068877F1D929C5D0050F395 /* Build configuration list for PBXNativeTarget "FunFactsUITests" */;
			buildPhases = (
				4068876C1D929C5D0050F395 /* Sources */,
				4068876D1D929C5D0050F395 /* Frameworks */,
				4068876E1D929C5D0050F395 /* Resources */,
			);
			buildRules = (
			);
			dependencies = (
				406887721D929C5D0050F395 /* PBXTargetDependency */,
			);
			name = FunFactsUITests;
			productName = FunFactsUITests;
			productReference = 406887701D929C5D0050F395 /* FunFactsUITests.xctest */;
			productType = "com.apple.product-type.bundle.ui-testing";
		};
/* End PBXNativeTarget section */

/* Begin PBXProject section */
		406887441D929C5C0050F395 /* Project object */ = {
			isa = PBXProject;
			attributes = {
				LastUpgradeCheck = 0800;
				ORGANIZATIONNAME = "Bjørn";
				TargetAttributes = {
					4068874B1D929C5C0050F395 = {
						CreatedOnToolsVersion = 8.0;
						ProvisioningStyle = Automatic;
					};
					406887641D929C5D0050F395 = {
						CreatedOnToolsVersion = 8.0;
						ProvisioningStyle = Automatic;
						TestTargetID = 4068874B1D929C5C0050F395;
					};
					4068876F1D929C5D0050F395 = {
						CreatedOnToolsVersion = 8.0;
						ProvisioningStyle = Automatic;
						TestTargetID = 4068874B1D929C5C0050F395;
					};
				};
			};
			buildConfigurationList = 406887471D929C5C0050F395 /* Build configuration list for PBXProject "FunFacts" */;
			compatibilityVersion = "Xcode 3.2";
			developmentRegion = English;
			hasScannedForEncodings = 0;
			knownRegions = (
				en,
				Base,
			);
			mainGroup = 406887431D929C5C0050F395;
			productRefGroup = 4068874D1D929C5D0050F395 /* Products */;
			projectDirPath = "";
			projectRoot = "";
			targets = (
				4068874B1D929C5C0050F395 /* FunFacts */,
				406887641D929C5D0050F395 /* FunFactsTests */,
				4068876F1D929C5D0050F395 /* FunFactsUITests */,
			);
		};
/* End PBXProject section */

/* Begin PBXResourcesBuildPhase section */
		4068874A1D929C5C0050F395 /* Resources */ = {
			isa = PBXResourcesBuildPhase;
			buildActionMask = 2147483647;
			files = (
				4068875F1D929C5D0050F395 /* LaunchScreen.storyboard in Resources */,
				4068875C1D929C5D0050F395 /* Assets.xcassets in Resources */,
				4068875A1D929C5D0050F395 /* Main.storyboard in Resources */,
			);
			runOnlyForDeploymentPostprocessing = 0;
		};
		406887631D929C5D0050F395 /* Resources */ = {
			isa = PBXResourcesBuildPhase;
			buildActionMask = 2147483647;
			files = (
			);
			runOnlyForDeploymentPostprocessing = 0;
		};
		4068876E1D929C5D0050F395 /* Resources */ = {
			isa = PBXResourcesBuildPhase;
			buildActionMask = 2147483647;
			files = (
			);
			runOnlyForDeploymentPostprocessing = 0;
		};
/* End PBXResourcesBuildPhase section */

/* Begin PBXSourcesBuildPhase section */
		406887481D929C5C0050F395 /* Sources */ = {
			isa = PBXSourcesBuildPhase;
			buildActionMask = 2147483647;
			files = (
				406887571D929C5D0050F395 /* ViewController.m in Sources */,
				406887541D929C5D0050F395 /* AppDelegate.m in Sources */,
				4003037B1D92D37A00ED7468 /* FactBook.m in Sources */,
				406887511D929C5D0050F395 /* main.m in Sources */,
				4003037E1D93EB6E00ED7468 /* ColorWheel.m in Sources */,
			);
			runOnlyForDeploymentPostprocessing = 0;
		};
		406887611D929C5D0050F395 /* Sources */ = {
			isa = PBXSourcesBuildPhase;
			buildActionMask = 2147483647;
			files = (
				4068876A1D929C5D0050F395 /* FunFactsTests.m in Sources */,
			);
			runOnlyForDeploymentPostprocessing = 0;
		};
		4068876C1D929C5D0050F395 /* Sources */ = {
			isa = PBXSourcesBuildPhase;
			buildActionMask = 2147483647;
			files = (
				406887751D929C5D0050F395 /* FunFactsUITests.m in Sources */,
			);
			runOnlyForDeploymentPostprocessing = 0;
		};
/* End PBXSourcesBuildPhase section */

/* Begin PBXTargetDependency section */
		406887671D929C5D0050F395 /* PBXTargetDependency */ = {
			isa = PBXTargetDependency;
			target = 4068874B1D929C5C0050F395 /* FunFacts */;
			targetProxy = 406887661D929C5D0050F395 /* PBXContainerItemProxy */;
		};
		406887721D929C5D0050F395 /* PBXTargetDependency */ = {
			isa = PBXTargetDependency;
			target = 4068874B1D929C5C0050F395 /* FunFacts */;
			targetProxy = 406887711D929C5D0050F395 /* PBXContainerItemProxy */;
		};
/* End PBXTargetDependency section */

/* Begin PBXVariantGroup section */
		406887581D929C5D0050F395 /* Main.storyboard */ = {
			isa = PBXVariantGroup;
			children = (
				406887591D929C5D0050F395 /* Base */,
			);
			name = Main.storyboard;
			sourceTree = "<group>";
		};
		4068875D1D929C5D0050F395 /* LaunchScreen.storyboard */ = {
			isa = PBXVariantGroup;
			children = (
				4068875E1D929C5D0050F395 /* Base */,
			);
			name = LaunchScreen.storyboard;
			sourceTree = "<group>";
		};
/* End PBXVariantGroup section */

/* Begin XCBuildConfiguration section */
		406887771D929C5D0050F395 /* Debug */ = {
			isa = XCBuildConfiguration;
			buildSettings = {
				ALWAYS_SEARCH_USER_PATHS = NO;
				CLANG_ANALYZER_NONNULL = YES;
				CLANG_CXX_LANGUAGE_STANDARD = "gnu++0x";
				CLANG_CXX_LIBRARY = "libc++";
				CLANG_ENABLE_MODULES = YES;
				CLANG_ENABLE_OBJC_ARC = YES;
				CLANG_WARN_BOOL_CONVERSION = YES;
				CLANG_WARN_CONSTANT_CONVERSION = YES;
				CLANG_WARN_DIRECT_OBJC_ISA_USAGE = YES_ERROR;
				CLANG_WARN_DOCUMENTATION_COMMENTS = YES;
				CLANG_WARN_EMPTY_BODY = YES;
				CLANG_WARN_ENUM_CONVERSION = YES;
				CLANG_WARN_INFINITE_RECURSION = YES;
				CLANG_WARN_INT_CONVERSION = YES;
				CLANG_WARN_OBJC_ROOT_CLASS = YES_ERROR;
				CLANG_WARN_SUSPICIOUS_MOVES = YES;
				CLANG_WARN_UNREACHABLE_CODE = YES;
				CLANG_WARN__DUPLICATE_METHOD_MATCH = YES;
				"CODE_SIGN_IDENTITY[sdk=iphoneos*]" = "iPhone Developer";
				COPY_PHASE_STRIP = NO;
				DEBUG_INFORMATION_FORMAT = dwarf;
				ENABLE_STRICT_OBJC_MSGSEND = YES;
				ENABLE_TESTABILITY = YES;
				GCC_C_LANGUAGE_STANDARD = gnu99;
				GCC_DYNAMIC_NO_PIC = NO;
				GCC_NO_COMMON_BLOCKS = YES;
				GCC_OPTIMIZATION_LEVEL = 0;
				GCC_PREPROCESSOR_DEFINITIONS = (
					"DEBUG=1",
					"$(inherited)",
				);
				GCC_WARN_64_TO_32_BIT_CONVERSION = YES;
				GCC_WARN_ABOUT_RETURN_TYPE = YES_ERROR;
				GCC_WARN_UNDECLARED_SELECTOR = YES;
				GCC_WARN_UNINITIALIZED_AUTOS = YES_AGGRESSIVE;
				GCC_WARN_UNUSED_FUNCTION = YES;
				GCC_WARN_UNUSED_VARIABLE = YES;
				IPHONEOS_DEPLOYMENT_TARGET = 10.0;
				MTL_ENABLE_DEBUG_INFO = YES;
				ONLY_ACTIVE_ARCH = YES;
				SDKROOT = iphoneos;
			};
			name = Debug;
		};
		406887781D929C5D0050F395 /* Release */ = {
			isa = XCBuildConfiguration;
			buildSettings = {
				ALWAYS_SEARCH_USER_PATHS = NO;
				CLANG_ANALYZER_NONNULL = YES;
				CLANG_CXX_LANGUAGE_STANDARD = "gnu++0x";
				CLANG_CXX_LIBRARY = "libc++";
				CLANG_ENABLE_MODULES = YES;
				CLANG_ENABLE_OBJC_ARC = YES;
				CLANG_WARN_BOOL_CONVERSION = YES;
				CLANG_WARN_CONSTANT_CONVERSION = YES;
				CLANG_WARN_DIRECT_OBJC_ISA_USAGE = YES_ERROR;
				CLANG_WARN_DOCUMENTATION_COMMENTS = YES;
				CLANG_WARN_EMPTY_BODY = YES;
				CLANG_WARN_ENUM_CONVERSION = YES;
				CLANG_WARN_INFINITE_RECURSION = YES;
				CLANG_WARN_INT_CONVERSION = YES;
				CLANG_WARN_OBJC_ROOT_CLASS = YES_ERROR;
				CLANG_WARN_SUSPICIOUS_MOVES = YES;
				CLANG_WARN_UNREACHABLE_CODE = YES;
				CLANG_WARN__DUPLICATE_METHOD_MATCH = YES;
				"CODE_SIGN_IDENTITY[sdk=iphoneos*]" = "iPhone Developer";
				COPY_PHASE_STRIP = NO;
				DEBUG_INFORMATION_FORMAT = "dwarf-with-dsym";
				ENABLE_NS_ASSERTIONS = NO;
				ENABLE_STRICT_OBJC_MSGSEND = YES;
				GCC_C_LANGUAGE_STANDARD = gnu99;
				GCC_NO_COMMON_BLOCKS = YES;
				GCC_WARN_64_TO_32_BIT_CONVERSION = YES;
				GCC_WARN_ABOUT_RETURN_TYPE = YES_ERROR;
				GCC_WARN_UNDECLARED_SELECTOR = YES;
				GCC_WARN_UNINITIALIZED_AUTOS = YES_AGGRESSIVE;
				GCC_WARN_UNUSED_FUNCTION = YES;
				GCC_WARN_UNUSED_VARIABLE = YES;
				IPHONEOS_DEPLOYMENT_TARGET = 10.0;
				MTL_ENABLE_DEBUG_INFO = NO;
				SDKROOT = iphoneos;
				VALIDATE_PRODUCT = YES;
			};
			name = Release;
		};
		4068877A1D929C5D0050F395 /* Debug */ = {
			isa = XCBuildConfiguration;
			buildSettings = {
				ASSETCATALOG_COMPILER_APPICON_NAME = AppIcon;
				INFOPLIST_FILE = FunFacts/Info.plist;
				LD_RUNPATH_SEARCH_PATHS = "$(inherited) @executable_path/Frameworks";
				PRODUCT_BUNDLE_IDENTIFIER = bjorn.FunFacts;
				PRODUCT_NAME = "$(TARGET_NAME)";
			};
			name = Debug;
		};
		4068877B1D929C5D0050F395 /* Release */ = {
			isa = XCBuildConfiguration;
			buildSettings = {
				ASSETCATALOG_COMPILER_APPICON_NAME = AppIcon;
				INFOPLIST_FILE = FunFacts/Info.plist;
				LD_RUNPATH_SEARCH_PATHS = "$(inherited) @executable_path/Frameworks";
				PRODUCT_BUNDLE_IDENTIFIER = bjorn.FunFacts;
				PRODUCT_NAME = "$(TARGET_NAME)";
			};
			name = Release;
		};
		4068877D1D929C5D0050F395 /* Debug */ = {
			isa = XCBuildConfiguration;
			buildSettings = {
				BUNDLE_LOADER = "$(TEST_HOST)";
				INFOPLIST_FILE = FunFactsTests/Info.plist;
				LD_RUNPATH_SEARCH_PATHS = "$(inherited) @executable_path/Frameworks @loader_path/Frameworks";
				PRODUCT_BUNDLE_IDENTIFIER = bjorn.FunFactsTests;
				PRODUCT_NAME = "$(TARGET_NAME)";
				TEST_HOST = "$(BUILT_PRODUCTS_DIR)/FunFacts.app/FunFacts";
			};
			name = Debug;
		};
		4068877E1D929C5D0050F395 /* Release */ = {
			isa = XCBuildConfiguration;
			buildSettings = {
				BUNDLE_LOADER = "$(TEST_HOST)";
				INFOPLIST_FILE = FunFactsTests/Info.plist;
				LD_RUNPATH_SEARCH_PATHS = "$(inherited) @executable_path/Frameworks @loader_path/Frameworks";
				PRODUCT_BUNDLE_IDENTIFIER = bjorn.FunFactsTests;
				PRODUCT_NAME = "$(TARGET_NAME)";
				TEST_HOST = "$(BUILT_PRODUCTS_DIR)/FunFacts.app/FunFacts";
			};
			name = Release;
		};
		406887801D929C5D0050F395 /* Debug */ = {
			isa = XCBuildConfiguration;
			buildSettings = {
				INFOPLIST_FILE = FunFactsUITests/Info.plist;
				LD_RUNPATH_SEARCH_PATHS = "$(inherited) @executable_path/Frameworks @loader_path/Frameworks";
				PRODUCT_BUNDLE_IDENTIFIER = bjorn.FunFactsUITests;
				PRODUCT_NAME = "$(TARGET_NAME)";
				TEST_TARGET_NAME = FunFacts;
			};
			name = Debug;
		};
		406887811D929C5D0050F395 /* Release */ = {
			isa = XCBuildConfiguration;
			buildSettings = {
				INFOPLIST_FILE = FunFactsUITests/Info.plist;
				LD_RUNPATH_SEARCH_PATHS = "$(inherited) @executable_path/Frameworks @loader_path/Frameworks";
				PRODUCT_BUNDLE_IDENTIFIER = bjorn.FunFactsUITests;
				PRODUCT_NAME = "$(TARGET_NAME)";
				TEST_TARGET_NAME = FunFacts;
			};
			name = Release;
		};
/* End XCBuildConfiguration section */

/* Begin XCConfigurationList section */
		406887471D929C5C0050F395 /* Build configuration list for PBXProject "FunFacts" */ = {
			isa = XCConfigurationList;
			buildConfigurations = (
				406887771D929C5D0050F395 /* Debug */,
				406887781D929C5D0050F395 /* Release */,
			);
			defaultConfigurationIsVisible = 0;
			defaultConfigurationName = Release;
		};
		406887791D929C5D0050F395 /* Build configuration list for PBXNativeTarget "FunFacts" */ = {
			isa = XCConfigurationList;
			buildConfigurations = (
				4068877A1D929C5D0050F395 /* Debug */,
				4068877B1D929C5D0050F395 /* Release */,
			);
			defaultConfigurationIsVisible = 0;
			defaultConfigurationName = Release;
		};
		4068877C1D929C5D0050F395 /* Build configuration list for PBXNativeTarget "FunFactsTests" */ = {
			isa = XCConfigurationList;
			buildConfigurations = (
				4068877D1D929C5D0050F395 /* Debug */,
				4068877E1D929C5D0050F395 /* Release */,
			);
			defaultConfigurationIsVisible = 0;
			defaultConfigurationName = Release;
		};
		4068877F1D929C5D0050F395 /* Build configuration list for PBXNativeTarget "FunFactsUITests" */ = {
			isa = XCConfigurationList;
			buildConfigurations = (
				406887801D929C5D0050F395 /* Debug */,
				406887811D929C5D0050F395 /* Release */,
			);
			defaultConfigurationIsVisible = 0;
			defaultConfigurationName = Release;
		};
/* End XCConfigurationList section */
	};
	rootObject = 406887441D929C5C0050F395 /* Project object */;
}
